
Microsoft Visual Studio Solution File, Format Version 12.00
# Visual Studio Version 17
VisualStudioVersion = 17.0.31903.59
MinimumVisualStudioVersion = 10.0.40219.1
Project("{2150E333-8FDC-42A3-9474-1A3956D46DE8}") = "src", "src", "{827E0CD3-B72D-47B6-A68D-7590B98EB39B}"
EndProject
Project("{2150E333-8FDC-42A3-9474-1A3956D46DE8}") = "Core", "Core", "{8D626EA8-CB54-BC41-363A-217881BEBA6E}"
EndProject
Project("{2150E333-8FDC-42A3-9474-1A3956D46DE8}") = "Domain", "Domain", "{53986343-908A-6037-C70A-1919D3E9F8C3}"
EndProject
Project("{FAE04EC0-301F-11D3-BF4B-00C04F79EFBC}") = "CreditTransfer.Core.Domain", "src\Core\Domain\CreditTransfer.Core.Domain.csproj", "{C14FFBF0-B9D0-426B-AE4D-E0B9C6960422}"
EndProject
Project("{2150E333-8FDC-42A3-9474-1A3956D46DE8}") = "Application", "Application", "{0CDA018B-BDBD-8926-19A4-D41D9F91466A}"
EndProject
Project("{FAE04EC0-301F-11D3-BF4B-00C04F79EFBC}") = "CreditTransfer.Core.Application", "src\Core\Application\CreditTransfer.Core.Application.csproj", "{D4792909-F9F8-4428-B120-926B0612006E}"
EndProject
Project("{2150E333-8FDC-42A3-9474-1A3956D46DE8}") = "Infrastructure", "Infrastructure", "{7F32EFBF-5797-55A9-3532-D9962CB2EEAD}"
EndProject
Project("{2150E333-8FDC-42A3-9474-1A3956D46DE8}") = "Authentication", "Authentication", "{A12B3456-7890-1234-5678-9ABCDEF01234}"
EndProject
Project("{FAE04EC0-301F-11D3-BF4B-00C04F79EFBC}") = "CreditTransfer.Core.Authentication", "src\Core\Authentication\CreditTransfer.Core.Authentication.csproj", "{B23C4567-8901-2345-6789-ABCDEF012345}"
EndProject
Project("{2150E333-8FDC-42A3-9474-1A3956D46DE8}") = "Services", "Services", "{984BB9B3-3FA3-BE33-9484-CAC21695A33C}"
EndProject
Project("{2150E333-8FDC-42A3-9474-1A3956D46DE8}") = "WebServices", "WebServices", "{DD59D0EC-18C7-D9F2-105F-10613EE56D3F}"
EndProject
Project("{2150E333-8FDC-42A3-9474-1A3956D46DE8}") = "CreditTransferService", "CreditTransferService", "{4A7F9120-CA2C-6318-69BA-F9461D0ECDDC}"
EndProject
Project("{FAE04EC0-301F-11D3-BF4B-00C04F79EFBC}") = "CreditTransfer.Services.WcfService", "src\Services\WebServices\CreditTransferService\CreditTransfer.Services.WcfService.csproj", "{7103FFBA-42B0-4D21-8B77-439CBF3DAC79}"
EndProject
Project("{2150E333-8FDC-42A3-9474-1A3956D46DE8}") = "ApiServices", "ApiServices", "{5BD37CC8-BDA6-782C-F4D9-92D630277282}"
EndProject
Project("{2150E333-8FDC-42A3-9474-1A3956D46DE8}") = "CreditTransferApi", "CreditTransferApi", "{849A5C06-EA5A-0F97-FC06-ED7602F64BC1}"
EndProject
Project("{FAE04EC0-301F-11D3-BF4B-00C04F79EFBC}") = "CreditTransfer.Services.RestApi", "src\Services\ApiServices\CreditTransferApi\CreditTransfer.Services.RestApi.csproj", "{77CDFFC5-2D99-4984-A203-82A2D0BF96EE}"
EndProject
Project("{2150E333-8FDC-42A3-9474-1A3956D46DE8}") = "WorkerServices", "WorkerServices", "{3B023806-7112-D897-5E4E-C786AE09BDDD}"
EndProject
Project("{2150E333-8FDC-42A3-9474-1A3956D46DE8}") = "CreditTransferWorker", "CreditTransferWorker", "{2E661E95-C9D5-AB75-4824-17F097FD5CC5}"
EndProject
Project("{FAE04EC0-301F-11D3-BF4B-00C04F79EFBC}") = "CreditTransfer.Services.WorkerService", "src\Services\WorkerServices\CreditTransferWorker\CreditTransfer.Services.WorkerService.csproj", "{356AC7E6-D133-46CC-A97F-3FE44CE26514}"
EndProject
Project("{FAE04EC0-301F-11D3-BF4B-00C04F79EFBC}") = "CreditTransfer.Infrastructure", "src\Infrastructure\CreditTransfer.Infrastructure.csproj", "{E64293DC-DE8D-CE68-FDBB-9CC4DD031C25}"
EndProject
Project("{FAE04EC0-301F-11D3-BF4B-00C04F79EFBC}") = "IntegrationProxies.Nobill", "src\IntegrationProxies\IntegrationProxies.Nobill.csproj", "{20D1647B-29A8-112D-6AFF-BAC933AFA980}"
EndProject
Project("{2150E333-8FDC-42A3-9474-1A3956D46DE8}") = "tests", "tests", "{0AB3BF05-4346-4AA6-1389-037BE0695223}"
EndProject
Project("{2150E333-8FDC-42A3-9474-1A3956D46DE8}") = "Unit", "Unit", "{9D556B49-86D1-93A7-9596-FFAAB74EC556}"
EndProject
Project("{FAE04EC0-301F-11D3-BF4B-00C04F79EFBC}") = "CreditTransfer.Core.Domain.Tests", "tests\Unit\CreditTransfer.Core.Domain.Tests\CreditTransfer.Core.Domain.Tests.csproj", "{16777975-F4A4-4D37-93B1-110DCE0FE023}"
EndProject
Project("{FAE04EC0-301F-11D3-BF4B-00C04F79EFBC}") = "CreditTransfer.Core.Application.Tests", "tests\Unit\CreditTransfer.Core.Application.Tests\CreditTransfer.Core.Application.Tests.csproj", "{12D6F714-CED0-4C54-AB84-CC5271FECCAF}"
EndProject
Project("{FAE04EC0-301F-11D3-BF4B-00C04F79EFBC}") = "CreditTransfer.Core.Infrastructure.Tests", "tests\Unit\CreditTransfer.Core.Infrastructure.Tests\CreditTransfer.Core.Infrastructure.Tests.csproj", "{3EC6DD1C-8761-400E-9C99-C6253CA91446}"
EndProject
Project("{FAE04EC0-301F-11D3-BF4B-00C04F79EFBC}") = "CreditTransfer.Core.Authentication.Tests", "tests\Unit\CreditTransfer.Core.Authentication.Tests\CreditTransfer.Core.Authentication.Tests.csproj", "{24EEFF09-49CA-44B4-B4C1-57547B9E0EDC}"
EndProject
Project("{FAE04EC0-301F-11D3-BF4B-00C04F79EFBC}") = "CreditTransfer.IntegrationProxies.Tests", "tests\Unit\CreditTransfer.IntegrationProxies.Tests\CreditTransfer.IntegrationProxies.Tests.csproj", "{BB99BB69-E465-423F-9D8E-C301F2F8A95B}"
EndProject
Project("{FAE04EC0-301F-11D3-BF4B-00C04F79EFBC}") = "CreditTransfer.Services.RestApi.Tests", "tests\Unit\CreditTransfer.Services.RestApi.Tests\CreditTransfer.Services.RestApi.Tests.csproj", "{D3E23F58-ADA8-4ABD-81AD-F259A372C94F}"
EndProject
Project("{FAE04EC0-301F-11D3-BF4B-00C04F79EFBC}") = "CreditTransfer.Services.WcfService.Tests", "tests\Unit\CreditTransfer.Services.WcfService.Tests\CreditTransfer.Services.WcfService.Tests.csproj", "{35BD5B03-925A-4A60-AB2C-91C552CA243C}"
EndProject
Project("{FAE04EC0-301F-11D3-BF4B-00C04F79EFBC}") = "CreditTransfer.Services.WorkerService.Tests", "tests\Unit\CreditTransfer.Services.WorkerService.Tests\CreditTransfer.Services.WorkerService.Tests.csproj", "{DD99D70C-D6A9-4F92-85D2-324D64FDF413}"
EndProject
Project("{2150E333-8FDC-42A3-9474-1A3956D46DE8}") = "Integration", "Integration", "{28A6993C-471E-82FE-7D9E-AD3B1EC22BD9}"
EndProject
Project("{FAE04EC0-301F-11D3-BF4B-00C04F79EFBC}") = "CreditTransfer.Integration.Tests", "tests\Integration\CreditTransfer.Integration.Tests\CreditTransfer.Integration.Tests.csproj", "{80CAEEF2-378F-44AA-8BD4-29C3734994FD}"
EndProject
Project("{FAE04EC0-301F-11D3-BF4B-00C04F79EFBC}") = "CreditTransfer.Integration.Database.Tests", "tests\Integration\CreditTransfer.Integration.Database.Tests\CreditTransfer.Integration.Database.Tests.csproj", "{7A0BF38D-40E3-493C-8809-57065DBCC095}"
EndProject
Project("{FAE04EC0-301F-11D3-BF4B-00C04F79EFBC}") = "CreditTransfer.Integration.ExternalServices.Tests", "tests\Integration\CreditTransfer.Integration.ExternalServices.Tests\CreditTransfer.Integration.ExternalServices.Tests.csproj", "{DE96E0CC-215E-4BC8-A3C0-9654B9C42986}"
EndProject
Project("{FAE04EC0-301F-11D3-BF4B-00C04F79EFBC}") = "CreditTransfer.Integration.EndToEnd.Tests", "tests\Integration\CreditTransfer.Integration.EndToEnd.Tests\CreditTransfer.Integration.EndToEnd.Tests.csproj", "{7B1CADEC-5D95-4738-86EB-AEFD6A3F6B2E}"
EndProject
Project("{2150E333-8FDC-42A3-9474-1A3956D46DE8}") = "Performance", "Performance", "{59F13AC0-48F4-1EAA-233F-95B7C7A91E1D}"
EndProject
Project("{FAE04EC0-301F-11D3-BF4B-00C04F79EFBC}") = "CreditTransfer.Performance.Tests", "tests\Performance\CreditTransfer.Performance.Tests\CreditTransfer.Performance.Tests.csproj", "{75E1EFC5-36D4-4008-A7C7-3E7F78B20FE6}"
EndProject
Project("{FAE04EC0-301F-11D3-BF4B-00C04F79EFBC}") = "CreditTransfer.Security.Tests", "tests\Security\CreditTransfer.Security.Tests\CreditTransfer.Security.Tests.csproj", "{7DC97C11-554D-4441-9740-FDA5EA902702}"
EndProject
Project("{FAE04EC0-301F-11D3-BF4B-00C04F79EFBC}") = "CreditTransfer.Tests.Shared", "tests\Shared\CreditTransfer.Tests.Shared\CreditTransfer.Tests.Shared.csproj", "{678BCF86-C1B9-4459-BE9B-0DF9A11C780F}"
EndProject
Global
	GlobalSection(SolutionConfigurationPlatforms) = preSolution
		Debug|Any CPU = Debug|Any CPU
		Debug|x64 = Debug|x64
		Debug|x86 = Debug|x86
		Release|Any CPU = Release|Any CPU
		Release|x64 = Release|x64
		Release|x86 = Release|x86
	EndGlobalSection
	GlobalSection(ProjectConfigurationPlatforms) = postSolution
		{C14FFBF0-B9D0-426B-AE4D-E0B9C6960422}.Debug|Any CPU.ActiveCfg = Debug|Any CPU
		{C14FFBF0-B9D0-426B-AE4D-E0B9C6960422}.Debug|Any CPU.Build.0 = Debug|Any CPU
		{C14FFBF0-B9D0-426B-AE4D-E0B9C6960422}.Debug|x64.ActiveCfg = Debug|Any CPU
		{C14FFBF0-B9D0-426B-AE4D-E0B9C6960422}.Debug|x64.Build.0 = Debug|Any CPU
		{C14FFBF0-B9D0-426B-AE4D-E0B9C6960422}.Debug|x86.ActiveCfg = Debug|Any CPU
		{C14FFBF0-B9D0-426B-AE4D-E0B9C6960422}.Debug|x86.Build.0 = Debug|Any CPU
		{C14FFBF0-B9D0-426B-AE4D-E0B9C6960422}.Release|Any CPU.ActiveCfg = Release|Any CPU
		{C14FFBF0-B9D0-426B-AE4D-E0B9C6960422}.Release|Any CPU.Build.0 = Release|Any CPU
		{C14FFBF0-B9D0-426B-AE4D-E0B9C6960422}.Release|x64.ActiveCfg = Release|Any CPU
		{C14FFBF0-B9D0-426B-AE4D-E0B9C6960422}.Release|x64.Build.0 = Release|Any CPU
		{C14FFBF0-B9D0-426B-AE4D-E0B9C6960422}.Release|x86.ActiveCfg = Release|Any CPU
		{C14FFBF0-B9D0-426B-AE4D-E0B9C6960422}.Release|x86.Build.0 = Release|Any CPU
		{D4792909-F9F8-4428-B120-926B0612006E}.Debug|Any CPU.ActiveCfg = Debug|Any CPU
		{D4792909-F9F8-4428-B120-926B0612006E}.Debug|Any CPU.Build.0 = Debug|Any CPU
		{D4792909-F9F8-4428-B120-926B0612006E}.Debug|x64.ActiveCfg = Debug|Any CPU
		{D4792909-F9F8-4428-B120-926B0612006E}.Debug|x64.Build.0 = Debug|Any CPU
		{D4792909-F9F8-4428-B120-926B0612006E}.Debug|x86.ActiveCfg = Debug|Any CPU
		{D4792909-F9F8-4428-B120-926B0612006E}.Debug|x86.Build.0 = Debug|Any CPU
		{D4792909-F9F8-4428-B120-926B0612006E}.Release|Any CPU.ActiveCfg = Release|Any CPU
		{D4792909-F9F8-4428-B120-926B0612006E}.Release|Any CPU.Build.0 = Release|Any CPU
		{D4792909-F9F8-4428-B120-926B0612006E}.Release|x64.ActiveCfg = Release|Any CPU
		{D4792909-F9F8-4428-B120-926B0612006E}.Release|x64.Build.0 = Release|Any CPU
		{D4792909-F9F8-4428-B120-926B0612006E}.Release|x86.ActiveCfg = Release|Any CPU
		{D4792909-F9F8-4428-B120-926B0612006E}.Release|x86.Build.0 = Release|Any CPU
		{B23C4567-8901-2345-6789-ABCDEF012345}.Debug|Any CPU.ActiveCfg = Debug|Any CPU
		{B23C4567-8901-2345-6789-ABCDEF012345}.Debug|Any CPU.Build.0 = Debug|Any CPU
		{B23C4567-8901-2345-6789-ABCDEF012345}.Debug|x64.ActiveCfg = Debug|Any CPU
		{B23C4567-8901-2345-6789-ABCDEF012345}.Debug|x64.Build.0 = Debug|Any CPU
		{B23C4567-8901-2345-6789-ABCDEF012345}.Debug|x86.ActiveCfg = Debug|Any CPU
		{B23C4567-8901-2345-6789-ABCDEF012345}.Debug|x86.Build.0 = Debug|Any CPU
		{B23C4567-8901-2345-6789-ABCDEF012345}.Release|Any CPU.ActiveCfg = Release|Any CPU
		{B23C4567-8901-2345-6789-ABCDEF012345}.Release|Any CPU.Build.0 = Release|Any CPU
		{B23C4567-8901-2345-6789-ABCDEF012345}.Release|x64.ActiveCfg = Release|Any CPU
		{B23C4567-8901-2345-6789-ABCDEF012345}.Release|x64.Build.0 = Release|Any CPU
		{B23C4567-8901-2345-6789-ABCDEF012345}.Release|x86.ActiveCfg = Release|Any CPU
		{B23C4567-8901-2345-6789-ABCDEF012345}.Release|x86.Build.0 = Release|Any CPU
		{7103FFBA-42B0-4D21-8B77-439CBF3DAC79}.Debug|Any CPU.ActiveCfg = Debug|Any CPU
		{7103FFBA-42B0-4D21-8B77-439CBF3DAC79}.Debug|Any CPU.Build.0 = Debug|Any CPU
		{7103FFBA-42B0-4D21-8B77-439CBF3DAC79}.Debug|x64.ActiveCfg = Debug|Any CPU
		{7103FFBA-42B0-4D21-8B77-439CBF3DAC79}.Debug|x64.Build.0 = Debug|Any CPU
		{7103FFBA-42B0-4D21-8B77-439CBF3DAC79}.Debug|x86.ActiveCfg = Debug|Any CPU
		{7103FFBA-42B0-4D21-8B77-439CBF3DAC79}.Debug|x86.Build.0 = Debug|Any CPU
		{7103FFBA-42B0-4D21-8B77-439CBF3DAC79}.Release|Any CPU.ActiveCfg = Release|Any CPU
		{7103FFBA-42B0-4D21-8B77-439CBF3DAC79}.Release|Any CPU.Build.0 = Release|Any CPU
		{7103FFBA-42B0-4D21-8B77-439CBF3DAC79}.Release|x64.ActiveCfg = Release|Any CPU
		{7103FFBA-42B0-4D21-8B77-439CBF3DAC79}.Release|x64.Build.0 = Release|Any CPU
		{7103FFBA-42B0-4D21-8B77-439CBF3DAC79}.Release|x86.ActiveCfg = Release|Any CPU
		{7103FFBA-42B0-4D21-8B77-439CBF3DAC79}.Release|x86.Build.0 = Release|Any CPU
		{77CDFFC5-2D99-4984-A203-82A2D0BF96EE}.Debug|Any CPU.ActiveCfg = Debug|Any CPU
		{77CDFFC5-2D99-4984-A203-82A2D0BF96EE}.Debug|Any CPU.Build.0 = Debug|Any CPU
		{77CDFFC5-2D99-4984-A203-82A2D0BF96EE}.Debug|x64.ActiveCfg = Debug|Any CPU
		{77CDFFC5-2D99-4984-A203-82A2D0BF96EE}.Debug|x64.Build.0 = Debug|Any CPU
		{77CDFFC5-2D99-4984-A203-82A2D0BF96EE}.Debug|x86.ActiveCfg = Debug|Any CPU
		{77CDFFC5-2D99-4984-A203-82A2D0BF96EE}.Debug|x86.Build.0 = Debug|Any CPU
		{77CDFFC5-2D99-4984-A203-82A2D0BF96EE}.Release|Any CPU.ActiveCfg = Release|Any CPU
		{77CDFFC5-2D99-4984-A203-82A2D0BF96EE}.Release|Any CPU.Build.0 = Release|Any CPU
		{77CDFFC5-2D99-4984-A203-82A2D0BF96EE}.Release|x64.ActiveCfg = Release|Any CPU
		{77CDFFC5-2D99-4984-A203-82A2D0BF96EE}.Release|x64.Build.0 = Release|Any CPU
		{77CDFFC5-2D99-4984-A203-82A2D0BF96EE}.Release|x86.ActiveCfg = Release|Any CPU
		{77CDFFC5-2D99-4984-A203-82A2D0BF96EE}.Release|x86.Build.0 = Release|Any CPU
		{356AC7E6-D133-46CC-A97F-3FE44CE26514}.Debug|Any CPU.ActiveCfg = Debug|Any CPU
		{356AC7E6-D133-46CC-A97F-3FE44CE26514}.Debug|Any CPU.Build.0 = Debug|Any CPU
		{356AC7E6-D133-46CC-A97F-3FE44CE26514}.Debug|x64.ActiveCfg = Debug|Any CPU
		{356AC7E6-D133-46CC-A97F-3FE44CE26514}.Debug|x64.Build.0 = Debug|Any CPU
		{356AC7E6-D133-46CC-A97F-3FE44CE26514}.Debug|x86.ActiveCfg = Debug|Any CPU
		{356AC7E6-D133-46CC-A97F-3FE44CE26514}.Debug|x86.Build.0 = Debug|Any CPU
		{356AC7E6-D133-46CC-A97F-3FE44CE26514}.Release|Any CPU.ActiveCfg = Release|Any CPU
		{356AC7E6-D133-46CC-A97F-3FE44CE26514}.Release|Any CPU.Build.0 = Release|Any CPU
		{356AC7E6-D133-46CC-A97F-3FE44CE26514}.Release|x64.ActiveCfg = Release|Any CPU
		{356AC7E6-D133-46CC-A97F-3FE44CE26514}.Release|x64.Build.0 = Release|Any CPU
		{356AC7E6-D133-46CC-A97F-3FE44CE26514}.Release|x86.ActiveCfg = Release|Any CPU
		{356AC7E6-D133-46CC-A97F-3FE44CE26514}.Release|x86.Build.0 = Release|Any CPU
		{E64293DC-DE8D-CE68-FDBB-9CC4DD031C25}.Debug|Any CPU.ActiveCfg = Debug|Any CPU
		{E64293DC-DE8D-CE68-FDBB-9CC4DD031C25}.Debug|Any CPU.Build.0 = Debug|Any CPU
		{E64293DC-DE8D-CE68-FDBB-9CC4DD031C25}.Debug|x64.ActiveCfg = Debug|Any CPU
		{E64293DC-DE8D-CE68-FDBB-9CC4DD031C25}.Debug|x64.Build.0 = Debug|Any CPU
		{E64293DC-DE8D-CE68-FDBB-9CC4DD031C25}.Debug|x86.ActiveCfg = Debug|Any CPU
		{E64293DC-DE8D-CE68-FDBB-9CC4DD031C25}.Debug|x86.Build.0 = Debug|Any CPU
		{E64293DC-DE8D-CE68-FDBB-9CC4DD031C25}.Release|Any CPU.ActiveCfg = Release|Any CPU
		{E64293DC-DE8D-CE68-FDBB-9CC4DD031C25}.Release|Any CPU.Build.0 = Release|Any CPU
		{E64293DC-DE8D-CE68-FDBB-9CC4DD031C25}.Release|x64.ActiveCfg = Release|Any CPU
		{E64293DC-DE8D-CE68-FDBB-9CC4DD031C25}.Release|x64.Build.0 = Release|Any CPU
		{E64293DC-DE8D-CE68-FDBB-9CC4DD031C25}.Release|x86.ActiveCfg = Release|Any CPU
		{E64293DC-DE8D-CE68-FDBB-9CC4DD031C25}.Release|x86.Build.0 = Release|Any CPU
		{20D1647B-29A8-112D-6AFF-BAC933AFA980}.Debug|Any CPU.ActiveCfg = Debug|Any CPU
		{20D1647B-29A8-112D-6AFF-BAC933AFA980}.Debug|Any CPU.Build.0 = Debug|Any CPU
		{20D1647B-29A8-112D-6AFF-BAC933AFA980}.Debug|x64.ActiveCfg = Debug|Any CPU
		{20D1647B-29A8-112D-6AFF-BAC933AFA980}.Debug|x64.Build.0 = Debug|Any CPU
		{20D1647B-29A8-112D-6AFF-BAC933AFA980}.Debug|x86.ActiveCfg = Debug|Any CPU
		{20D1647B-29A8-112D-6AFF-BAC933AFA980}.Debug|x86.Build.0 = Debug|Any CPU
		{20D1647B-29A8-112D-6AFF-BAC933AFA980}.Release|Any CPU.ActiveCfg = Release|Any CPU
		{20D1647B-29A8-112D-6AFF-BAC933AFA980}.Release|Any CPU.Build.0 = Release|Any CPU
		{20D1647B-29A8-112D-6AFF-BAC933AFA980}.Release|x64.ActiveCfg = Release|Any CPU
		{20D1647B-29A8-112D-6AFF-BAC933AFA980}.Release|x64.Build.0 = Release|Any CPU
		{20D1647B-29A8-112D-6AFF-BAC933AFA980}.Release|x86.ActiveCfg = Release|Any CPU
		{20D1647B-29A8-112D-6AFF-BAC933AFA980}.Release|x86.Build.0 = Release|Any CPU
		{16777975-F4A4-4D37-93B1-110DCE0FE023}.Debug|Any CPU.ActiveCfg = Debug|Any CPU
		{16777975-F4A4-4D37-93B1-110DCE0FE023}.Debug|Any CPU.Build.0 = Debug|Any CPU
		{16777975-F4A4-4D37-93B1-110DCE0FE023}.Debug|x64.ActiveCfg = Debug|Any CPU
		{16777975-F4A4-4D37-93B1-110DCE0FE023}.Debug|x64.Build.0 = Debug|Any CPU
		{16777975-F4A4-4D37-93B1-110DCE0FE023}.Debug|x86.ActiveCfg = Debug|Any CPU
		{16777975-F4A4-4D37-93B1-110DCE0FE023}.Debug|x86.Build.0 = Debug|Any CPU
		{16777975-F4A4-4D37-93B1-110DCE0FE023}.Release|Any CPU.ActiveCfg = Release|Any CPU
		{16777975-F4A4-4D37-93B1-110DCE0FE023}.Release|Any CPU.Build.0 = Release|Any CPU
		{16777975-F4A4-4D37-93B1-110DCE0FE023}.Release|x64.ActiveCfg = Release|Any CPU
		{16777975-F4A4-4D37-93B1-110DCE0FE023}.Release|x64.Build.0 = Release|Any CPU
		{16777975-F4A4-4D37-93B1-110DCE0FE023}.Release|x86.ActiveCfg = Release|Any CPU
		{16777975-F4A4-4D37-93B1-110DCE0FE023}.Release|x86.Build.0 = Release|Any CPU
		{12D6F714-CED0-4C54-AB84-CC5271FECCAF}.Debug|Any CPU.ActiveCfg = Debug|Any CPU
		{12D6F714-CED0-4C54-AB84-CC5271FECCAF}.Debug|Any CPU.Build.0 = Debug|Any CPU
		{12D6F714-CED0-4C54-AB84-CC5271FECCAF}.Debug|x64.ActiveCfg = Debug|Any CPU
		{12D6F714-CED0-4C54-AB84-CC5271FECCAF}.Debug|x64.Build.0 = Debug|Any CPU
		{12D6F714-CED0-4C54-AB84-CC5271FECCAF}.Debug|x86.ActiveCfg = Debug|Any CPU
		{12D6F714-CED0-4C54-AB84-CC5271FECCAF}.Debug|x86.Build.0 = Debug|Any CPU
		{12D6F714-CED0-4C54-AB84-CC5271FECCAF}.Release|Any CPU.ActiveCfg = Release|Any CPU
		{12D6F714-CED0-4C54-AB84-CC5271FECCAF}.Release|Any CPU.Build.0 = Release|Any CPU
		{12D6F714-CED0-4C54-AB84-CC5271FECCAF}.Release|x64.ActiveCfg = Release|Any CPU
		{12D6F714-CED0-4C54-AB84-CC5271FECCAF}.Release|x64.Build.0 = Release|Any CPU
		{12D6F714-CED0-4C54-AB84-CC5271FECCAF}.Release|x86.ActiveCfg = Release|Any CPU
		{12D6F714-CED0-4C54-AB84-CC5271FECCAF}.Release|x86.Build.0 = Release|Any CPU
		{3EC6DD1C-8761-400E-9C99-C6253CA91446}.Debug|Any CPU.ActiveCfg = Debug|Any CPU
		{3EC6DD1C-8761-400E-9C99-C6253CA91446}.Debug|Any CPU.Build.0 = Debug|Any CPU
		{3EC6DD1C-8761-400E-9C99-C6253CA91446}.Debug|x64.ActiveCfg = Debug|Any CPU
		{3EC6DD1C-8761-400E-9C99-C6253CA91446}.Debug|x64.Build.0 = Debug|Any CPU
		{3EC6DD1C-8761-400E-9C99-C6253CA91446}.Debug|x86.ActiveCfg = Debug|Any CPU
		{3EC6DD1C-8761-400E-9C99-C6253CA91446}.Debug|x86.Build.0 = Debug|Any CPU
		{3EC6DD1C-8761-400E-9C99-C6253CA91446}.Release|Any CPU.ActiveCfg = Release|Any CPU
		{3EC6DD1C-8761-400E-9C99-C6253CA91446}.Release|Any CPU.Build.0 = Release|Any CPU
		{3EC6DD1C-8761-400E-9C99-C6253CA91446}.Release|x64.ActiveCfg = Release|Any CPU
		{3EC6DD1C-8761-400E-9C99-C6253CA91446}.Release|x64.Build.0 = Release|Any CPU
		{3EC6DD1C-8761-400E-9C99-C6253CA91446}.Release|x86.ActiveCfg = Release|Any CPU
		{3EC6DD1C-8761-400E-9C99-C6253CA91446}.Release|x86.Build.0 = Release|Any CPU
		{24EEFF09-49CA-44B4-B4C1-57547B9E0EDC}.Debug|Any CPU.ActiveCfg = Debug|Any CPU
		{24EEFF09-49CA-44B4-B4C1-57547B9E0EDC}.Debug|Any CPU.Build.0 = Debug|Any CPU
		{24EEFF09-49CA-44B4-B4C1-57547B9E0EDC}.Debug|x64.ActiveCfg = Debug|Any CPU
		{24EEFF09-49CA-44B4-B4C1-57547B9E0EDC}.Debug|x64.Build.0 = Debug|Any CPU
		{24EEFF09-49CA-44B4-B4C1-57547B9E0EDC}.Debug|x86.ActiveCfg = Debug|Any CPU
		{24EEFF09-49CA-44B4-B4C1-57547B9E0EDC}.Debug|x86.Build.0 = Debug|Any CPU
		{24EEFF09-49CA-44B4-B4C1-57547B9E0EDC}.Release|Any CPU.ActiveCfg = Release|Any CPU
		{24EEFF09-49CA-44B4-B4C1-57547B9E0EDC}.Release|Any CPU.Build.0 = Release|Any CPU
		{24EEFF09-49CA-44B4-B4C1-57547B9E0EDC}.Release|x64.ActiveCfg = Release|Any CPU
		{24EEFF09-49CA-44B4-B4C1-57547B9E0EDC}.Release|x64.Build.0 = Release|Any CPU
		{24EEFF09-49CA-44B4-B4C1-57547B9E0EDC}.Release|x86.ActiveCfg = Release|Any CPU
		{24EEFF09-49CA-44B4-B4C1-57547B9E0EDC}.Release|x86.Build.0 = Release|Any CPU
		{BB99BB69-E465-423F-9D8E-C301F2F8A95B}.Debug|Any CPU.ActiveCfg = Debug|Any CPU
		{BB99BB69-E465-423F-9D8E-C301F2F8A95B}.Debug|Any CPU.Build.0 = Debug|Any CPU
		{BB99BB69-E465-423F-9D8E-C301F2F8A95B}.Debug|x64.ActiveCfg = Debug|Any CPU
		{BB99BB69-E465-423F-9D8E-C301F2F8A95B}.Debug|x64.Build.0 = Debug|Any CPU
		{BB99BB69-E465-423F-9D8E-C301F2F8A95B}.Debug|x86.ActiveCfg = Debug|Any CPU
		{BB99BB69-E465-423F-9D8E-C301F2F8A95B}.Debug|x86.Build.0 = Debug|Any CPU
		{BB99BB69-E465-423F-9D8E-C301F2F8A95B}.Release|Any CPU.ActiveCfg = Release|Any CPU
		{BB99BB69-E465-423F-9D8E-C301F2F8A95B}.Release|Any CPU.Build.0 = Release|Any CPU
		{BB99BB69-E465-423F-9D8E-C301F2F8A95B}.Release|x64.ActiveCfg = Release|Any CPU
		{BB99BB69-E465-423F-9D8E-C301F2F8A95B}.Release|x64.Build.0 = Release|Any CPU
		{BB99BB69-E465-423F-9D8E-C301F2F8A95B}.Release|x86.ActiveCfg = Release|Any CPU
		{BB99BB69-E465-423F-9D8E-C301F2F8A95B}.Release|x86.Build.0 = Release|Any CPU
		{D3E23F58-ADA8-4ABD-81AD-F259A372C94F}.Debug|Any CPU.ActiveCfg = Debug|Any CPU
		{D3E23F58-ADA8-4ABD-81AD-F259A372C94F}.Debug|Any CPU.Build.0 = Debug|Any CPU
		{D3E23F58-ADA8-4ABD-81AD-F259A372C94F}.Debug|x64.ActiveCfg = Debug|Any CPU
		{D3E23F58-ADA8-4ABD-81AD-F259A372C94F}.Debug|x64.Build.0 = Debug|Any CPU
		{D3E23F58-ADA8-4ABD-81AD-F259A372C94F}.Debug|x86.ActiveCfg = Debug|Any CPU
		{D3E23F58-ADA8-4ABD-81AD-F259A372C94F}.Debug|x86.Build.0 = Debug|Any CPU
		{D3E23F58-ADA8-4ABD-81AD-F259A372C94F}.Release|Any CPU.ActiveCfg = Release|Any CPU
		{D3E23F58-ADA8-4ABD-81AD-F259A372C94F}.Release|Any CPU.Build.0 = Release|Any CPU
		{D3E23F58-ADA8-4ABD-81AD-F259A372C94F}.Release|x64.ActiveCfg = Release|Any CPU
		{D3E23F58-ADA8-4ABD-81AD-F259A372C94F}.Release|x64.Build.0 = Release|Any CPU
		{D3E23F58-ADA8-4ABD-81AD-F259A372C94F}.Release|x86.ActiveCfg = Release|Any CPU
		{D3E23F58-ADA8-4ABD-81AD-F259A372C94F}.Release|x86.Build.0 = Release|Any CPU
		{35BD5B03-925A-4A60-AB2C-91C552CA243C}.Debug|Any CPU.ActiveCfg = Debug|Any CPU
		{35BD5B03-925A-4A60-AB2C-91C552CA243C}.Debug|Any CPU.Build.0 = Debug|Any CPU
		{35BD5B03-925A-4A60-AB2C-91C552CA243C}.Debug|x64.ActiveCfg = Debug|Any CPU
		{35BD5B03-925A-4A60-AB2C-91C552CA243C}.Debug|x64.Build.0 = Debug|Any CPU
		{35BD5B03-925A-4A60-AB2C-91C552CA243C}.Debug|x86.ActiveCfg = Debug|Any CPU
		{35BD5B03-925A-4A60-AB2C-91C552CA243C}.Debug|x86.Build.0 = Debug|Any CPU
		{35BD5B03-925A-4A60-AB2C-91C552CA243C}.Release|Any CPU.ActiveCfg = Release|Any CPU
		{35BD5B03-925A-4A60-AB2C-91C552CA243C}.Release|Any CPU.Build.0 = Release|Any CPU
		{35BD5B03-925A-4A60-AB2C-91C552CA243C}.Release|x64.ActiveCfg = Release|Any CPU
		{35BD5B03-925A-4A60-AB2C-91C552CA243C}.Release|x64.Build.0 = Release|Any CPU
		{35BD5B03-925A-4A60-AB2C-91C552CA243C}.Release|x86.ActiveCfg = Release|Any CPU
		{35BD5B03-925A-4A60-AB2C-91C552CA243C}.Release|x86.Build.0 = Release|Any CPU
		{DD99D70C-D6A9-4F92-85D2-324D64FDF413}.Debug|Any CPU.ActiveCfg = Debug|Any CPU
		{DD99D70C-D6A9-4F92-85D2-324D64FDF413}.Debug|Any CPU.Build.0 = Debug|Any CPU
		{DD99D70C-D6A9-4F92-85D2-324D64FDF413}.Debug|x64.ActiveCfg = Debug|Any CPU
		{DD99D70C-D6A9-4F92-85D2-324D64FDF413}.Debug|x64.Build.0 = Debug|Any CPU
		{DD99D70C-D6A9-4F92-85D2-324D64FDF413}.Debug|x86.ActiveCfg = Debug|Any CPU
		{DD99D70C-D6A9-4F92-85D2-324D64FDF413}.Debug|x86.Build.0 = Debug|Any CPU
		{DD99D70C-D6A9-4F92-85D2-324D64FDF413}.Release|Any CPU.ActiveCfg = Release|Any CPU
		{DD99D70C-D6A9-4F92-85D2-324D64FDF413}.Release|Any CPU.Build.0 = Release|Any CPU
		{DD99D70C-D6A9-4F92-85D2-324D64FDF413}.Release|x64.ActiveCfg = Release|Any CPU
		{DD99D70C-D6A9-4F92-85D2-324D64FDF413}.Release|x64.Build.0 = Release|Any CPU
		{DD99D70C-D6A9-4F92-85D2-324D64FDF413}.Release|x86.ActiveCfg = Release|Any CPU
		{DD99D70C-D6A9-4F92-85D2-324D64FDF413}.Release|x86.Build.0 = Release|Any CPU
		{80CAEEF2-378F-44AA-8BD4-29C3734994FD}.Debug|Any CPU.ActiveCfg = Debug|Any CPU
		{80CAEEF2-378F-44AA-8BD4-29C3734994FD}.Debug|Any CPU.Build.0 = Debug|Any CPU
		{80CAEEF2-378F-44AA-8BD4-29C3734994FD}.Debug|x64.ActiveCfg = Debug|Any CPU
		{80CAEEF2-378F-44AA-8BD4-29C3734994FD}.Debug|x64.Build.0 = Debug|Any CPU
		{80CAEEF2-378F-44AA-8BD4-29C3734994FD}.Debug|x86.ActiveCfg = Debug|Any CPU
		{80CAEEF2-378F-44AA-8BD4-29C3734994FD}.Debug|x86.Build.0 = Debug|Any CPU
		{80CAEEF2-378F-44AA-8BD4-29C3734994FD}.Release|Any CPU.ActiveCfg = Release|Any CPU
		{80CAEEF2-378F-44AA-8BD4-29C3734994FD}.Release|Any CPU.Build.0 = Release|Any CPU
		{80CAEEF2-378F-44AA-8BD4-29C3734994FD}.Release|x64.ActiveCfg = Release|Any CPU
		{80CAEEF2-378F-44AA-8BD4-29C3734994FD}.Release|x64.Build.0 = Release|Any CPU
		{80CAEEF2-378F-44AA-8BD4-29C3734994FD}.Release|x86.ActiveCfg = Release|Any CPU
		{80CAEEF2-378F-44AA-8BD4-29C3734994FD}.Release|x86.Build.0 = Release|Any CPU
		{7A0BF38D-40E3-493C-8809-57065DBCC095}.Debug|Any CPU.ActiveCfg = Debug|Any CPU
		{7A0BF38D-40E3-493C-8809-57065DBCC095}.Debug|Any CPU.Build.0 = Debug|Any CPU
		{7A0BF38D-40E3-493C-8809-57065DBCC095}.Debug|x64.ActiveCfg = Debug|Any CPU
		{7A0BF38D-40E3-493C-8809-57065DBCC095}.Debug|x64.Build.0 = Debug|Any CPU
		{7A0BF38D-40E3-493C-8809-57065DBCC095}.Debug|x86.ActiveCfg = Debug|Any CPU
		{7A0BF38D-40E3-493C-8809-57065DBCC095}.Debug|x86.Build.0 = Debug|Any CPU
		{7A0BF38D-40E3-493C-8809-57065DBCC095}.Release|Any CPU.ActiveCfg = Release|Any CPU
		{7A0BF38D-40E3-493C-8809-57065DBCC095}.Release|Any CPU.Build.0 = Release|Any CPU
		{7A0BF38D-40E3-493C-8809-57065DBCC095}.Release|x64.ActiveCfg = Release|Any CPU
		{7A0BF38D-40E3-493C-8809-57065DBCC095}.Release|x64.Build.0 = Release|Any CPU
		{7A0BF38D-40E3-493C-8809-57065DBCC095}.Release|x86.ActiveCfg = Release|Any CPU
		{7A0BF38D-40E3-493C-8809-57065DBCC095}.Release|x86.Build.0 = Release|Any CPU
		{DE96E0CC-215E-4BC8-A3C0-9654B9C42986}.Debug|Any CPU.ActiveCfg = Debug|Any CPU
		{DE96E0CC-215E-4BC8-A3C0-9654B9C42986}.Debug|Any CPU.Build.0 = Debug|Any CPU
		{DE96E0CC-215E-4BC8-A3C0-9654B9C42986}.Debug|x64.ActiveCfg = Debug|Any CPU
		{DE96E0CC-215E-4BC8-A3C0-9654B9C42986}.Debug|x64.Build.0 = Debug|Any CPU
		{DE96E0CC-215E-4BC8-A3C0-9654B9C42986}.Debug|x86.ActiveCfg = Debug|Any CPU
		{DE96E0CC-215E-4BC8-A3C0-9654B9C42986}.Debug|x86.Build.0 = Debug|Any CPU
		{DE96E0CC-215E-4BC8-A3C0-9654B9C42986}.Release|Any CPU.ActiveCfg = Release|Any CPU
		{DE96E0CC-215E-4BC8-A3C0-9654B9C42986}.Release|Any CPU.Build.0 = Release|Any CPU
		{DE96E0CC-215E-4BC8-A3C0-9654B9C42986}.Release|x64.ActiveCfg = Release|Any CPU
		{DE96E0CC-215E-4BC8-A3C0-9654B9C42986}.Release|x64.Build.0 = Release|Any CPU
		{DE96E0CC-215E-4BC8-A3C0-9654B9C42986}.Release|x86.ActiveCfg = Release|Any CPU
		{DE96E0CC-215E-4BC8-A3C0-9654B9C42986}.Release|x86.Build.0 = Release|Any CPU
		{7B1CADEC-5D95-4738-86EB-AEFD6A3F6B2E}.Debug|Any CPU.ActiveCfg = Debug|Any CPU
		{7B1CADEC-5D95-4738-86EB-AEFD6A3F6B2E}.Debug|Any CPU.Build.0 = Debug|Any CPU
		{7B1CADEC-5D95-4738-86EB-AEFD6A3F6B2E}.Debug|x64.ActiveCfg = Debug|Any CPU
		{7B1CADEC-5D95-4738-86EB-AEFD6A3F6B2E}.Debug|x64.Build.0 = Debug|Any CPU
		{7B1CADEC-5D95-4738-86EB-AEFD6A3F6B2E}.Debug|x86.ActiveCfg = Debug|Any CPU
		{7B1CADEC-5D95-4738-86EB-AEFD6A3F6B2E}.Debug|x86.Build.0 = Debug|Any CPU
		{7B1CADEC-5D95-4738-86EB-AEFD6A3F6B2E}.Release|Any CPU.ActiveCfg = Release|Any CPU
		{7B1CADEC-5D95-4738-86EB-AEFD6A3F6B2E}.Release|Any CPU.Build.0 = Release|Any CPU
		{7B1CADEC-5D95-4738-86EB-AEFD6A3F6B2E}.Release|x64.ActiveCfg = Release|Any CPU
		{7B1CADEC-5D95-4738-86EB-AEFD6A3F6B2E}.Release|x64.Build.0 = Release|Any CPU
		{7B1CADEC-5D95-4738-86EB-AEFD6A3F6B2E}.Release|x86.ActiveCfg = Release|Any CPU
		{7B1CADEC-5D95-4738-86EB-AEFD6A3F6B2E}.Release|x86.Build.0 = Release|Any CPU
		{75E1EFC5-36D4-4008-A7C7-3E7F78B20FE6}.Debug|Any CPU.ActiveCfg = Debug|Any CPU
		{75E1EFC5-36D4-4008-A7C7-3E7F78B20FE6}.Debug|Any CPU.Build.0 = Debug|Any CPU
		{75E1EFC5-36D4-4008-A7C7-3E7F78B20FE6}.Debug|x64.ActiveCfg = Debug|Any CPU
		{75E1EFC5-36D4-4008-A7C7-3E7F78B20FE6}.Debug|x64.Build.0 = Debug|Any CPU
		{75E1EFC5-36D4-4008-A7C7-3E7F78B20FE6}.Debug|x86.ActiveCfg = Debug|Any CPU
		{75E1EFC5-36D4-4008-A7C7-3E7F78B20FE6}.Debug|x86.Build.0 = Debug|Any CPU
		{75E1EFC5-36D4-4008-A7C7-3E7F78B20FE6}.Release|Any CPU.ActiveCfg = Release|Any CPU
		{75E1EFC5-36D4-4008-A7C7-3E7F78B20FE6}.Release|Any CPU.Build.0 = Release|Any CPU
		{75E1EFC5-36D4-4008-A7C7-3E7F78B20FE6}.Release|x64.ActiveCfg = Release|Any CPU
		{75E1EFC5-36D4-4008-A7C7-3E7F78B20FE6}.Release|x64.Build.0 = Release|Any CPU
		{75E1EFC5-36D4-4008-A7C7-3E7F78B20FE6}.Release|x86.ActiveCfg = Release|Any CPU
		{75E1EFC5-36D4-4008-A7C7-3E7F78B20FE6}.Release|x86.Build.0 = Release|Any CPU
		{7DC97C11-554D-4441-9740-FDA5EA902702}.Debug|Any CPU.ActiveCfg = Debug|Any CPU
		{7DC97C11-554D-4441-9740-FDA5EA902702}.Debug|Any CPU.Build.0 = Debug|Any CPU
		{7DC97C11-554D-4441-9740-FDA5EA902702}.Debug|x64.ActiveCfg = Debug|Any CPU
		{7DC97C11-554D-4441-9740-FDA5EA902702}.Debug|x64.Build.0 = Debug|Any CPU
		{7DC97C11-554D-4441-9740-FDA5EA902702}.Debug|x86.ActiveCfg = Debug|Any CPU
		{7DC97C11-554D-4441-9740-FDA5EA902702}.Debug|x86.Build.0 = Debug|Any CPU
		{7DC97C11-554D-4441-9740-FDA5EA902702}.Release|Any CPU.ActiveCfg = Release|Any CPU
		{7DC97C11-554D-4441-9740-FDA5EA902702}.Release|Any CPU.Build.0 = Release|Any CPU
		{7DC97C11-554D-4441-9740-FDA5EA902702}.Release|x64.ActiveCfg = Release|Any CPU
		{7DC97C11-554D-4441-9740-FDA5EA902702}.Release|x64.Build.0 = Release|Any CPU
		{7DC97C11-554D-4441-9740-FDA5EA902702}.Release|x86.ActiveCfg = Release|Any CPU
		{7DC97C11-554D-4441-9740-FDA5EA902702}.Release|x86.Build.0 = Release|Any CPU
		{678BCF86-C1B9-4459-BE9B-0DF9A11C780F}.Debug|Any CPU.ActiveCfg = Debug|Any CPU
		{678BCF86-C1B9-4459-BE9B-0DF9A11C780F}.Debug|Any CPU.Build.0 = Debug|Any CPU
		{678BCF86-C1B9-4459-BE9B-0DF9A11C780F}.Debug|x64.ActiveCfg = Debug|Any CPU
		{678BCF86-C1B9-4459-BE9B-0DF9A11C780F}.Debug|x64.Build.0 = Debug|Any CPU
		{678BCF86-C1B9-4459-BE9B-0DF9A11C780F}.Debug|x86.ActiveCfg = Debug|Any CPU
		{678BCF86-C1B9-4459-BE9B-0DF9A11C780F}.Debug|x86.Build.0 = Debug|Any CPU
		{678BCF86-C1B9-4459-BE9B-0DF9A11C780F}.Release|Any CPU.ActiveCfg = Release|Any CPU
		{678BCF86-C1B9-4459-BE9B-0DF9A11C780F}.Release|Any CPU.Build.0 = Release|Any CPU
		{678BCF86-C1B9-4459-BE9B-0DF9A11C780F}.Release|x64.ActiveCfg = Release|Any CPU
		{678BCF86-C1B9-4459-BE9B-0DF9A11C780F}.Release|x64.Build.0 = Release|Any CPU
		{678BCF86-C1B9-4459-BE9B-0DF9A11C780F}.Release|x86.ActiveCfg = Release|Any CPU
		{678BCF86-C1B9-4459-BE9B-0DF9A11C780F}.Release|x86.Build.0 = Release|Any CPU
	EndGlobalSection
	GlobalSection(SolutionProperties) = preSolution
		HideSolutionNode = FALSE
	EndGlobalSection
	GlobalSection(NestedProjects) = preSolution
		{8D626EA8-CB54-BC41-363A-217881BEBA6E} = {827E0CD3-B72D-47B6-A68D-7590B98EB39B}
		{53986343-908A-6037-C70A-1919D3E9F8C3} = {8D626EA8-CB54-BC41-363A-217881BEBA6E}
		{C14FFBF0-B9D0-426B-AE4D-E0B9C6960422} = {53986343-908A-6037-C70A-1919D3E9F8C3}
		{0CDA018B-BDBD-8926-19A4-D41D9F91466A} = {8D626EA8-CB54-BC41-363A-217881BEBA6E}
		{D4792909-F9F8-4428-B120-926B0612006E} = {0CDA018B-BDBD-8926-19A4-D41D9F91466A}
		{7F32EFBF-5797-55A9-3532-D9962CB2EEAD} = {8D626EA8-CB54-BC41-363A-217881BEBA6E}
		{A12B3456-7890-1234-5678-9ABCDEF01234} = {8D626EA8-CB54-BC41-363A-217881BEBA6E}
		{B23C4567-8901-2345-6789-ABCDEF012345} = {A12B3456-7890-1234-5678-9ABCDEF01234}
		{984BB9B3-3FA3-BE33-9484-CAC21695A33C} = {827E0CD3-B72D-47B6-A68D-7590B98EB39B}
		{DD59D0EC-18C7-D9F2-105F-10613EE56D3F} = {984BB9B3-3FA3-BE33-9484-CAC21695A33C}
		{4A7F9120-CA2C-6318-69BA-F9461D0ECDDC} = {DD59D0EC-18C7-D9F2-105F-10613EE56D3F}
		{7103FFBA-42B0-4D21-8B77-439CBF3DAC79} = {4A7F9120-CA2C-6318-69BA-F9461D0ECDDC}
		{5BD37CC8-BDA6-782C-F4D9-92D630277282} = {984BB9B3-3FA3-BE33-9484-CAC21695A33C}
		{849A5C06-EA5A-0F97-FC06-ED7602F64BC1} = {5BD37CC8-BDA6-782C-F4D9-92D630277282}
		{77CDFFC5-2D99-4984-A203-82A2D0BF96EE} = {849A5C06-EA5A-0F97-FC06-ED7602F64BC1}
		{3B023806-7112-D897-5E4E-C786AE09BDDD} = {984BB9B3-3FA3-BE33-9484-CAC21695A33C}
		{2E661E95-C9D5-AB75-4824-17F097FD5CC5} = {3B023806-7112-D897-5E4E-C786AE09BDDD}
		{356AC7E6-D133-46CC-A97F-3FE44CE26514} = {2E661E95-C9D5-AB75-4824-17F097FD5CC5}
		{E64293DC-DE8D-CE68-FDBB-9CC4DD031C25} = {0CDA018B-BDBD-8926-19A4-D41D9F91466A}
		{20D1647B-29A8-112D-6AFF-BAC933AFA980} = {827E0CD3-B72D-47B6-A68D-7590B98EB39B}
		{9D556B49-86D1-93A7-9596-FFAAB74EC556} = {0AB3BF05-4346-4AA6-1389-037BE0695223}
		{16777975-F4A4-4D37-93B1-110DCE0FE023} = {9D556B49-86D1-93A7-9596-FFAAB74EC556}
		{12D6F714-CED0-4C54-AB84-CC5271FECCAF} = {9D556B49-86D1-93A7-9596-FFAAB74EC556}
		{3EC6DD1C-8761-400E-9C99-C6253CA91446} = {9D556B49-86D1-93A7-9596-FFAAB74EC556}
		{24EEFF09-49CA-44B4-B4C1-57547B9E0EDC} = {9D556B49-86D1-93A7-9596-FFAAB74EC556}
		{BB99BB69-E465-423F-9D8E-C301F2F8A95B} = {9D556B49-86D1-93A7-9596-FFAAB74EC556}
		{D3E23F58-ADA8-4ABD-81AD-F259A372C94F} = {9D556B49-86D1-93A7-9596-FFAAB74EC556}
		{35BD5B03-925A-4A60-AB2C-91C552CA243C} = {9D556B49-86D1-93A7-9596-FFAAB74EC556}
		{DD99D70C-D6A9-4F92-85D2-324D64FDF413} = {9D556B49-86D1-93A7-9596-FFAAB74EC556}
		{28A6993C-471E-82FE-7D9E-AD3B1EC22BD9} = {0AB3BF05-4346-4AA6-1389-037BE0695223}
		{80CAEEF2-378F-44AA-8BD4-29C3734994FD} = {28A6993C-471E-82FE-7D9E-AD3B1EC22BD9}
		{7A0BF38D-40E3-493C-8809-57065DBCC095} = {28A6993C-471E-82FE-7D9E-AD3B1EC22BD9}
		{DE96E0CC-215E-4BC8-A3C0-9654B9C42986} = {28A6993C-471E-82FE-7D9E-AD3B1EC22BD9}
		{7B1CADEC-5D95-4738-86EB-AEFD6A3F6B2E} = {28A6993C-471E-82FE-7D9E-AD3B1EC22BD9}
		{59F13AC0-48F4-1EAA-233F-95B7C7A91E1D} = {0AB3BF05-4346-4AA6-1389-037BE0695223}
		{75E1EFC5-36D4-4008-A7C7-3E7F78B20FE6} = {59F13AC0-48F4-1EAA-233F-95B7C7A91E1D}
		{7DC97C11-554D-4441-9740-FDA5EA902702} = {59F13AC0-48F4-1EAA-233F-95B7C7A91E1D}
		{678BCF86-C1B9-4459-BE9B-0DF9A11C780F} = {59F13AC0-48F4-1EAA-233F-95B7C7A91E1D}
	EndGlobalSection
	GlobalSection(ExtensibilityGlobals) = postSolution
		SolutionGuid = {C89DEFFF-FBA4-4C80-B5C2-E3C6F3172E1A}
	EndGlobalSection
EndGlobal
